// !$*UTF8*$!
{
	archiveVersion = 1;
	classes = {
	};
	objectVersion = 90;
	objects = {

/* Begin PBXBuildFile section */
		2BDA456B2DE7FBF20014D43F /* ARKit.framework in Frameworks */ = {isa = PBXBuildFile; fileRef = 2BDA456A2DE7FBF20014D43F /* ARKit.framework */; };
/* End PBXBuildFile section */

/* Begin PBXContainerItemProxy section */
		2BDA454D2DE7F7EA0014D43F /* PBXContainerItemProxy */ = {
			isa = PBXContainerItemProxy;
			containerPortal = 2BDA45372DE7F7E80014D43F /* Project object */;
			proxyType = 1;
			remoteGlobalIDString = 2BDA453E2DE7F7E80014D43F;
			remoteInfo = spotlight;
		};
		2BDA45572DE7F7EA0014D43F /* PBXContainerItemProxy */ = {
			isa = PBXContainerItemProxy;
			containerPortal = 2BDA45372DE7F7E80014D43F /* Project object */;
			proxyType = 1;
			remoteGlobalIDString = 2BDA453E2DE7F7E80014D43F;
			remoteInfo = spotlight;
		};
/* End PBXContainerItemProxy section */

/* Begin PBXFileReference section */
		2BDA453F2DE7F7E80014D43F /* spotlight.app */ = {isa = PBXFileReference; explicitFileType = wrapper.application; includeInIndex = 0; path = spotlight.app; sourceTree = BUILT_PRODUCTS_DIR; };
		2BDA454C2DE7F7EA0014D43F /* spotlightTests.xctest */ = {isa = PBXFileReference; explicitFileType = wrapper.cfbundle; includeInIndex = 0; path = spotlightTests.xctest; sourceTree = BUILT_PRODUCTS_DIR; };
		2BDA45562DE7F7EA0014D43F /* spotlightUITests.xctest */ = {isa = PBXFileReference; explicitFileType = wrapper.cfbundle; includeInIndex = 0; path = spotlightUITests.xctest; sourceTree = BUILT_PRODUCTS_DIR; };
		2BDA456A2DE7FBF20014D43F /* ARKit.framework */ = {isa = PBXFileReference; lastKnownFileType = wrapper.framework; name = ARKit.framework; path = System/Library/Frameworks/ARKit.framework; sourceTree = SDKROOT; };
/* End PBXFileReference section */

/* Begin PBXFileSystemSynchronizedRootGroup section */
		2BDA45412DE7F7E80014D43F /* spotlight */ = {
			isa = PBXFileSystemSynchronizedRootGroup;
			path = spotlight;
			sourceTree = "<group>";
		};
		2BDA454F2DE7F7EA0014D43F /* spotlightTests */ = {
			isa = PBXFileSystemSynchronizedRootGroup;
			path = spotlightTests;
			sourceTree = "<group>";
		};
		2BDA45592DE7F7EA0014D43F /* spotlightUITests */ = {
			isa = PBXFileSystemSynchronizedRootGroup;
			path = spotlightUITests;
			sourceTree = "<group>";
		};
/* End PBXFileSystemSynchronizedRootGroup section */

/* Begin PBXFrameworksBuildPhase section */
		2BDA453C2DE7F7E80014D43F /* Frameworks */ = {
			isa = PBXFrameworksBuildPhase;
			files = (
				2BDA456B2DE7FBF20014D43F /* ARKit.framework in Frameworks */,
			);
		};
		2BDA45492DE7F7EA0014D43F /* Frameworks */ = {
			isa = PBXFrameworksBuildPhase;
			files = (
			);
		};
		2BDA45532DE7F7EA0014D43F /* Frameworks */ = {
			isa = PBXFrameworksBuildPhase;
			files = (
			);
		};
/* End PBXFrameworksBuildPhase section */

/* Begin PBXGroup section */
		2BDA45362DE7F7E80014D43F = {
			isa = PBXGroup;
			children = (
				2BDA45412DE7F7E80014D43F /* spotlight */,
				2BDA454F2DE7F7EA0014D43F /* spotlightTests */,
				2BDA45592DE7F7EA0014D43F /* spotlightUITests */,
				2BDA45692DE7FBF20014D43F /* Frameworks */,
				2BDA45402DE7F7E80014D43F /* Products */,
			);
			sourceTree = "<group>";
		};
		2BDA45402DE7F7E80014D43F /* Products */ = {
			isa = PBXGroup;
			children = (
				2BDA453F2DE7F7E80014D43F /* spotlight.app */,
				2BDA454C2DE7F7EA0014D43F /* spotlightTests.xctest */,
				2BDA45562DE7F7EA0014D43F /* spotlightUITests.xctest */,
			);
			name = Products;
			sourceTree = "<group>";
		};
		2BDA45692DE7FBF20014D43F /* Frameworks */ = {
			isa = PBXGroup;
			children = (
				2BDA456A2DE7FBF20014D43F /* ARKit.framework */,
			);
			name = Frameworks;
			sourceTree = "<group>";
		};
/* End PBXGroup section */

/* Begin PBXNativeTarget section */
		2BDA453E2DE7F7E80014D43F /* spotlight */ = {
			isa = PBXNativeTarget;
			buildConfigurationList = 2BDA45602DE7F7EA0014D43F /* Build configuration list for PBXNativeTarget "spotlight" */;
			buildPhases = (
				2BDA453B2DE7F7E80014D43F /* Sources */,
				2BDA453C2DE7F7E80014D43F /* Frameworks */,
				2BDA453D2DE7F7E80014D43F /* Resources */,
			);
			buildRules = (
			);
			fileSystemSynchronizedGroups = (
				2BDA45412DE7F7E80014D43F /* spotlight */,
			);
			name = spotlight;
			productName = spotlight;
			productReference = 2BDA453F2DE7F7E80014D43F /* spotlight.app */;
			productType = "com.apple.product-type.application";
		};
		2BDA454B2DE7F7EA0014D43F /* spotlightTests */ = {
			isa = PBXNativeTarget;
			buildConfigurationList = 2BDA45632DE7F7EA0014D43F /* Build configuration list for PBXNativeTarget "spotlightTests" */;
			buildPhases = (
				2BDA45482DE7F7EA0014D43F /* Sources */,
				2BDA45492DE7F7EA0014D43F /* Frameworks */,
				2BDA454A2DE7F7EA0014D43F /* Resources */,
			);
			buildRules = (
			);
			dependencies = (
				2BDA454E2DE7F7EA0014D43F /* PBXTargetDependency */,
			);
			fileSystemSynchronizedGroups = (
				2BDA454F2DE7F7EA0014D43F /* spotlightTests */,
			);
			name = spotlightTests;
			productName = spotlightTests;
			productReference = 2BDA454C2DE7F7EA0014D43F /* spotlightTests.xctest */;
			productType = "com.apple.product-type.bundle.unit-test";
		};
		2BDA45552DE7F7EA0014D43F /* spotlightUITests */ = {
			isa = PBXNativeTarget;
			buildConfigurationList = 2BDA45662DE7F7EA0014D43F /* Build configuration list for PBXNativeTarget "spotlightUITests" */;
			buildPhases = (
				2BDA45522DE7F7EA0014D43F /* Sources */,
				2BDA45532DE7F7EA0014D43F /* Frameworks */,
				2BDA45542DE7F7EA0014D43F /* Resources */,
			);
			buildRules = (
			);
			dependencies = (
				2BDA45582DE7F7EA0014D43F /* PBXTargetDependency */,
			);
			fileSystemSynchronizedGroups = (
				2BDA45592DE7F7EA0014D43F /* spotlightUITests */,
			);
			name = spotlightUITests;
			productName = spotlightUITests;
			productReference = 2BDA45562DE7F7EA0014D43F /* spotlightUITests.xctest */;
			productType = "com.apple.product-type.bundle.ui-testing";
		};
/* End PBXNativeTarget section */

/* Begin PBXProject section */
		2BDA45372DE7F7E80014D43F /* Project object */ = {
			isa = PBXProject;
			attributes = {
				BuildIndependentTargetsInParallel = 1;
				LastSwiftUpdateCheck = 1630;
				LastUpgradeCheck = 1630;
				TargetAttributes = {
					2BDA453E2DE7F7E80014D43F = {
						CreatedOnToolsVersion = 16.3;
					};
					2BDA454B2DE7F7EA0014D43F = {
						CreatedOnToolsVersion = 16.3;
						TestTargetID = 2BDA453E2DE7F7E80014D43F;
					};
					2BDA45552DE7F7EA0014D43F = {
						CreatedOnToolsVersion = 16.3;
						TestTargetID = 2BDA453E2DE7F7E80014D43F;
					};
				};
			};
			buildConfigurationList = 2BDA453A2DE7F7E80014D43F /* Build configuration list for PBXProject "spotlight" */;
			developmentRegion = en;
			hasScannedForEncodings = 0;
			knownRegions = (
				en,
				Base,
			);
			mainGroup = 2BDA45362DE7F7E80014D43F;
			minimizedProjectReferenceProxies = 1;
			preferredProjectObjectVersion = 90;
			productRefGroup = 2BDA45402DE7F7E80014D43F /* Products */;
			projectDirPath = "";
			projectRoot = "";
			targets = (
				2BDA453E2DE7F7E80014D43F /* spotlight */,
				2BDA454B2DE7F7EA0014D43F /* spotlightTests */,
				2BDA45552DE7F7EA0014D43F /* spotlightUITests */,
			);
		};
/* End PBXProject section */

/* Begin PBXResourcesBuildPhase section */
		2BDA453D2DE7F7E80014D43F /* Resources */ = {
			isa = PBXResourcesBuildPhase;
			files = (
			);
		};
		2BDA454A2DE7F7EA0014D43F /* Resources */ = {
			isa = PBXResourcesBuildPhase;
			files = (
			);
		};
		2BDA45542DE7F7EA0014D43F /* Resources */ = {
			isa = PBXResourcesBuildPhase;
			files = (
			);
		};
/* End PBXResourcesBuildPhase section */

/* Begin PBXSourcesBuildPhase section */
		2BDA453B2DE7F7E80014D43F /* Sources */ = {
			isa = PBXSourcesBuildPhase;
			files = (
			);
		};
		2BDA45482DE7F7EA0014D43F /* Sources */ = {
			isa = PBXSourcesBuildPhase;
			files = (
			);
		};
		2BDA45522DE7F7EA0014D43F /* Sources */ = {
			isa = PBXSourcesBuildPhase;
			files = (
			);
		};
/* End PBXSourcesBuildPhase section */

/* Begin PBXTargetDependency section */
		2BDA454E2DE7F7EA0014D43F /* PBXTargetDependency */ = {
			isa = PBXTargetDependency;
			target = 2BDA453E2DE7F7E80014D43F /* spotlight */;
			targetProxy = 2BDA454D2DE7F7EA0014D43F /* PBXContainerItemProxy */;
		};
		2BDA45582DE7F7EA0014D43F /* PBXTargetDependency */ = {
			isa = PBXTargetDependency;
			target = 2BDA453E2DE7F7E80014D43F /* spotlight */;
			targetProxy = 2BDA45572DE7F7EA0014D43F /* PBXContainerItemProxy */;
		};
/* End PBXTargetDependency section */

/* Begin XCBuildConfiguration section */
		2BDA455E2DE7F7EA0014D43F /* Debug configuration for PBXProject "spotlight" */ = {
			isa = XCBuildConfiguration;
			buildSettings = {
				ALWAYS_SEARCH_USER_PATHS = NO;
				ASSETCATALOG_COMPILER_GENERATE_SWIFT_ASSET_SYMBOL_EXTENSIONS = YES;
				CLANG_ANALYZER_NONNULL = YES;
				CLANG_ANALYZER_NUMBER_OBJECT_CONVERSION = YES_AGGRESSIVE;
				CLANG_CXX_LANGUAGE_STANDARD = "gnu++20";
				CLANG_ENABLE_MODULES = YES;
				CLANG_ENABLE_OBJC_ARC = YES;
				CLANG_ENABLE_OBJC_WEAK = YES;
				CLANG_WARN_BLOCK_CAPTURE_AUTORELEASING = YES;
				CLANG_WARN_BOOL_CONVERSION = YES;
				CLANG_WARN_COMMA = YES;
				CLANG_WARN_CONSTANT_CONVERSION = YES;
				CLANG_WARN_DEPRECATED_OBJC_IMPLEMENTATIONS = YES;
				CLANG_WARN_DIRECT_OBJC_ISA_USAGE = YES_ERROR;
				CLANG_WARN_DOCUMENTATION_COMMENTS = YES;
				CLANG_WARN_EMPTY_BODY = YES;
				CLANG_WARN_ENUM_CONVERSION = YES;
				CLANG_WARN_INFINITE_RECURSION = YES;
				CLANG_WARN_INT_CONVERSION = YES;
				CLANG_WARN_NON_LITERAL_NULL_CONVERSION = YES;
				CLANG_WARN_OBJC_IMPLICIT_RETAIN_SELF = YES;
				CLANG_WARN_OBJC_LITERAL_CONVERSION = YES;
				CLANG_WARN_OBJC_ROOT_CLASS = YES_ERROR;
				CLANG_WARN_QUOTED_INCLUDE_IN_FRAMEWORK_HEADER = YES;
				CLANG_WARN_RANGE_LOOP_ANALYSIS = YES;
				CLANG_WARN_STRICT_PROTOTYPES = YES;
				CLANG_WARN_SUSPICIOUS_MOVE = YES;
				CLANG_WARN_UNGUARDED_AVAILABILITY = YES_AGGRESSIVE;
				CLANG_WARN_UNREACHABLE_CODE = YES;
				CLANG_WARN__DUPLICATE_METHOD_MATCH = YES;
				COPY_PHASE_STRIP = NO;
				DEBUG_INFORMATION_FORMAT = dwarf;
				DEVELOPMENT_TEAM = H4T5UDY9X9;
				ENABLE_STRICT_OBJC_MSGSEND = YES;
				ENABLE_TESTABILITY = YES;
				ENABLE_USER_SCRIPT_SANDBOXING = YES;
				GCC_C_LANGUAGE_STANDARD = gnu17;
				GCC_DYNAMIC_NO_PIC = NO;
				GCC_NO_COMMON_BLOCKS = YES;
				GCC_OPTIMIZATION_LEVEL = 0;
				GCC_PREPROCESSOR_DEFINITIONS = (
					"DEBUG=1",
					"$(inherited)",
				);
				GCC_WARN_64_TO_32_BIT_CONVERSION = YES;
				GCC_WARN_ABOUT_RETURN_TYPE = YES_ERROR;
				GCC_WARN_UNDECLARED_SELECTOR = YES;
				GCC_WARN_UNINITIALIZED_AUTOS = YES_AGGRESSIVE;
				GCC_WARN_UNUSED_FUNCTION = YES;
				GCC_WARN_UNUSED_VARIABLE = YES;
				IPHONEOS_DEPLOYMENT_TARGET = 18.4;
				LOCALIZATION_PREFERS_STRING_CATALOGS = YES;
				MTL_ENABLE_DEBUG_INFO = INCLUDE_SOURCE;
				MTL_FAST_MATH = YES;
				ONLY_ACTIVE_ARCH = YES;
				SDKROOT = iphoneos;
				SWIFT_ACTIVE_COMPILATION_CONDITIONS = "DEBUG $(inherited)";
				SWIFT_OPTIMIZATION_LEVEL = "-Onone";
			};
			name = Debug;
		};
		2BDA455F2DE7F7EA0014D43F /* Release configuration for PBXProject "spotlight" */ = {
			isa = XCBuildConfiguration;
			buildSettings = {
				ALWAYS_SEARCH_USER_PATHS = NO;
				ASSETCATALOG_COMPILER_GENERATE_SWIFT_ASSET_SYMBOL_EXTENSIONS = YES;
				CLANG_ANALYZER_NONNULL = YES;
				CLANG_ANALYZER_NUMBER_OBJECT_CONVERSION = YES_AGGRESSIVE;
				CLANG_CXX_LANGUAGE_STANDARD = "gnu++20";
				CLANG_ENABLE_MODULES = YES;
				CLANG_ENABLE_OBJC_ARC = YES;
				CLANG_ENABLE_OBJC_WEAK = YES;
				CLANG_WARN_BLOCK_CAPTURE_AUTORELEASING = YES;
				CLANG_WARN_BOOL_CONVERSION = YES;
				CLANG_WARN_COMMA = YES;
				CLANG_WARN_CONSTANT_CONVERSION = YES;
				CLANG_WARN_DEPRECATED_OBJC_IMPLEMENTATIONS = YES;
				CLANG_WARN_DIRECT_OBJC_ISA_USAGE = YES_ERROR;
				CLANG_WARN_DOCUMENTATION_COMMENTS = YES;
				CLANG_WARN_EMPTY_BODY = YES;
				CLANG_WARN_ENUM_CONVERSION = YES;
				CLANG_WARN_INFINITE_RECURSION = YES;
				CLANG_WARN_INT_CONVERSION = YES;
				CLANG_WARN_NON_LITERAL_NULL_CONVERSION = YES;
				CLANG_WARN_OBJC_IMPLICIT_RETAIN_SELF = YES;
				CLANG_WARN_OBJC_LITERAL_CONVERSION = YES;
				CLANG_WARN_OBJC_ROOT_CLASS = YES_ERROR;
				CLANG_WARN_QUOTED_INCLUDE_IN_FRAMEWORK_HEADER = YES;
				CLANG_WARN_RANGE_LOOP_ANALYSIS = YES;
				CLANG_WARN_STRICT_PROTOTYPES = YES;
				CLANG_WARN_SUSPICIOUS_MOVE = YES;
				CLANG_WARN_UNGUARDED_AVAILABILITY = YES_AGGRESSIVE;
				CLANG_WARN_UNREACHABLE_CODE = YES;
				CLANG_WARN__DUPLICATE_METHOD_MATCH = YES;
				COPY_PHASE_STRIP = NO;
				DEBUG_INFORMATION_FORMAT = "dwarf-with-dsym";
				DEVELOPMENT_TEAM = H4T5UDY9X9;
				ENABLE_NS_ASSERTIONS = NO;
				ENABLE_STRICT_OBJC_MSGSEND = YES;
				ENABLE_USER_SCRIPT_SANDBOXING = YES;
				GCC_C_LANGUAGE_STANDARD = gnu17;
				GCC_NO_COMMON_BLOCKS = YES;
				GCC_WARN_64_TO_32_BIT_CONVERSION = YES;
				GCC_WARN_ABOUT_RETURN_TYPE = YES_ERROR;
				GCC_WARN_UNDECLARED_SELECTOR = YES;
				GCC_WARN_UNINITIALIZED_AUTOS = YES_AGGRESSIVE;
				GCC_WARN_UNUSED_FUNCTION = YES;
				GCC_WARN_UNUSED_VARIABLE = YES;
				IPHONEOS_DEPLOYMENT_TARGET = 18.4;
				LOCALIZATION_PREFERS_STRING_CATALOGS = YES;
				MTL_ENABLE_DEBUG_INFO = NO;
				MTL_FAST_MATH = YES;
				SDKROOT = iphoneos;
				SWIFT_COMPILATION_MODE = wholemodule;
				VALIDATE_PRODUCT = YES;
			};
			name = Release;
		};
		2BDA45612DE7F7EA0014D43F /* Debug configuration for PBXNativeTarget "spotlight" */ = {
			isa = XCBuildConfiguration;
			buildSettings = {
				ASSETCATALOG_COMPILER_APPICON_NAME = AppIcon;
				ASSETCATALOG_COMPILER_GLOBAL_ACCENT_COLOR_NAME = AccentColor;
				CODE_SIGN_STYLE = Automatic;
				CURRENT_PROJECT_VERSION = 1;
				DEVELOPMENT_TEAM = H4T5UDY9X9;
				ENABLE_PREVIEWS = YES;
				GENERATE_INFOPLIST_FILE = YES;
				INFOPLIST_KEY_NSCameraUsageDescription = "App需要访问您的摄像头以进行实时视线追踪和生成屏幕注视热区图";
				INFOPLIST_KEY_UIApplicationSceneManifest_Generation = YES;
				INFOPLIST_KEY_UIApplicationSupportsIndirectInputEvents = YES;
				INFOPLIST_KEY_UILaunchScreen_Generation = YES;
				INFOPLIST_KEY_UISupportedInterfaceOrientations_iPad = "UIInterfaceOrientationPortrait UIInterfaceOrientationPortraitUpsideDown UIInterfaceOrientationLandscapeLeft UIInterfaceOrientationLandscapeRight";
				INFOPLIST_KEY_UISupportedInterfaceOrientations_iPhone = "UIInterfaceOrientationPortrait UIInterfaceOrientationLandscapeLeft UIInterfaceOrientationLandscapeRight";
				LD_RUNPATH_SEARCH_PATHS = (
					"$(inherited)",
					"@executable_path/Frameworks",
				);
				MARKETING_VERSION = 1.0;
				PRODUCT_BUNDLE_IDENTIFIER = com.00.spotlight;
				PRODUCT_NAME = "$(TARGET_NAME)";
				SWIFT_EMIT_LOC_STRINGS = YES;
				SWIFT_VERSION = 5.0;
				TARGETED_DEVICE_FAMILY = "1,2";
			};
			name = Debug;
		};
		2BDA45622DE7F7EA0014D43F /* Release configuration for PBXNativeTarget "spotlight" */ = {
			isa = XCBuildConfiguration;
			buildSettings = {
				ASSETCATALOG_COMPILER_APPICON_NAME = AppIcon;
				ASSETCATALOG_COMPILER_GLOBAL_ACCENT_COLOR_NAME = AccentColor;
				CODE_SIGN_STYLE = Automatic;
				CURRENT_PROJECT_VERSION = 1;
				DEVELOPMENT_TEAM = H4T5UDY9X9;
				ENABLE_PREVIEWS = YES;
				GENERATE_INFOPLIST_FILE = YES;
				INFOPLIST_KEY_NSCameraUsageDescription = "App需要访问您的摄像头以进行实时视线追踪和生成屏幕注视热区图";
				INFOPLIST_KEY_UIApplicationSceneManifest_Generation = YES;
				INFOPLIST_KEY_UIApplicationSupportsIndirectInputEvents = YES;
				INFOPLIST_KEY_UILaunchScreen_Generation = YES;
				INFOPLIST_KEY_UISupportedInterfaceOrientations_iPad = "UIInterfaceOrientationPortrait UIInterfaceOrientationPortraitUpsideDown UIInterfaceOrientationLandscapeLeft UIInterfaceOrientationLandscapeRight";
				INFOPLIST_KEY_UISupportedInterfaceOrientations_iPhone = "UIInterfaceOrientationPortrait UIInterfaceOrientationLandscapeLeft UIInterfaceOrientationLandscapeRight";
				LD_RUNPATH_SEARCH_PATHS = (
					"$(inherited)",
					"@executable_path/Frameworks",
				);
				MARKETING_VERSION = 1.0;
				PRODUCT_BUNDLE_IDENTIFIER = com.00.spotlight;
				PRODUCT_NAME = "$(TARGET_NAME)";
				SWIFT_EMIT_LOC_STRINGS = YES;
				SWIFT_VERSION = 5.0;
				TARGETED_DEVICE_FAMILY = "1,2";
			};
			name = Release;
		};
		2BDA45642DE7F7EA0014D43F /* Debug configuration for PBXNativeTarget "spotlightTests" */ = {
			isa = XCBuildConfiguration;
			buildSettings = {
				BUNDLE_LOADER = "$(TEST_HOST)";
				CODE_SIGN_STYLE = Automatic;
				CURRENT_PROJECT_VERSION = 1;
				DEVELOPMENT_TEAM = H4T5UDY9X9;
				GENERATE_INFOPLIST_FILE = YES;
				IPHONEOS_DEPLOYMENT_TARGET = 18.4;
				MARKETING_VERSION = 1.0;
				PRODUCT_BUNDLE_IDENTIFIER = com.00.spotlightTests;
				PRODUCT_NAME = "$(TARGET_NAME)";
				SWIFT_EMIT_LOC_STRINGS = NO;
				SWIFT_VERSION = 5.0;
				TARGETED_DEVICE_FAMILY = "1,2";
				TEST_HOST = "$(BUILT_PRODUCTS_DIR)/spotlight.app/$(BUNDLE_EXECUTABLE_FOLDER_PATH)/spotlight";
			};
			name = Debug;
		};
		2BDA45652DE7F7EA0014D43F /* Release configuration for PBXNativeTarget "spotlightTests" */ = {
			isa = XCBuildConfiguration;
			buildSettings = {
				BUNDLE_LOADER = "$(TEST_HOST)";
				CODE_SIGN_STYLE = Automatic;
				CURRENT_PROJECT_VERSION = 1;
				DEVELOPMENT_TEAM = H4T5UDY9X9;
				GENERATE_INFOPLIST_FILE = YES;
				IPHONEOS_DEPLOYMENT_TARGET = 18.4;
				MARKETING_VERSION = 1.0;
				PRODUCT_BUNDLE_IDENTIFIER = com.00.spotlightTests;
				PRODUCT_NAME = "$(TARGET_NAME)";
				SWIFT_EMIT_LOC_STRINGS = NO;
				SWIFT_VERSION = 5.0;
				TARGETED_DEVICE_FAMILY = "1,2";
				TEST_HOST = "$(BUILT_PRODUCTS_DIR)/spotlight.app/$(BUNDLE_EXECUTABLE_FOLDER_PATH)/spotlight";
			};
			name = Release;
		};
		2BDA45672DE7F7EA0014D43F /* Debug configuration for PBXNativeTarget "spotlightUITests" */ = {
			isa = XCBuildConfiguration;
			buildSettings = {
				CODE_SIGN_STYLE = Automatic;
				CURRENT_PROJECT_VERSION = 1;
				DEVELOPMENT_TEAM = H4T5UDY9X9;
				GENERATE_INFOPLIST_FILE = YES;
				MARKETING_VERSION = 1.0;
				PRODUCT_BUNDLE_IDENTIFIER = com.00.spotlightUITests;
				PRODUCT_NAME = "$(TARGET_NAME)";
				SWIFT_EMIT_LOC_STRINGS = NO;
				SWIFT_VERSION = 5.0;
				TARGETED_DEVICE_FAMILY = "1,2";
				TEST_TARGET_NAME = spotlight;
			};
			name = Debug;
		};
		2BDA45682DE7F7EA0014D43F /* Release configuration for PBXNativeTarget "spotlightUITests" */ = {
			isa = XCBuildConfiguration;
			buildSettings = {
				CODE_SIGN_STYLE = Automatic;
				CURRENT_PROJECT_VERSION = 1;
				DEVELOPMENT_TEAM = H4T5UDY9X9;
				GENERATE_INFOPLIST_FILE = YES;
				MARKETING_VERSION = 1.0;
				PRODUCT_BUNDLE_IDENTIFIER = com.00.spotlightUITests;
				PRODUCT_NAME = "$(TARGET_NAME)";
				SWIFT_EMIT_LOC_STRINGS = NO;
				SWIFT_VERSION = 5.0;
				TARGETED_DEVICE_FAMILY = "1,2";
				TEST_TARGET_NAME = spotlight;
			};
			name = Release;
		};
/* End XCBuildConfiguration section */

/* Begin XCConfigurationList section */
		2BDA453A2DE7F7E80014D43F /* Build configuration list for PBXProject "spotlight" */ = {
			isa = XCConfigurationList;
			buildConfigurations = (
				2BDA455E2DE7F7EA0014D43F /* Debug configuration for PBXProject "spotlight" */,
				2BDA455F2DE7F7EA0014D43F /* Release configuration for PBXProject "spotlight" */,
			);
			defaultConfigurationName = Release;
		};
		2BDA45602DE7F7EA0014D43F /* Build configuration list for PBXNativeTarget "spotlight" */ = {
			isa = XCConfigurationList;
			buildConfigurations = (
				2BDA45612DE7F7EA0014D43F /* Debug configuration for PBXNativeTarget "spotlight" */,
				2BDA45622DE7F7EA0014D43F /* Release configuration for PBXNativeTarget "spotlight" */,
			);
			defaultConfigurationName = Release;
		};
		2BDA45632DE7F7EA0014D43F /* Build configuration list for PBXNativeTarget "spotlightTests" */ = {
			isa = XCConfigurationList;
			buildConfigurations = (
				2BDA45642DE7F7EA0014D43F /* Debug configuration for PBXNativeTarget "spotlightTests" */,
				2BDA45652DE7F7EA0014D43F /* Release configuration for PBXNativeTarget "spotlightTests" */,
			);
			defaultConfigurationName = Release;
		};
		2BDA45662DE7F7EA0014D43F /* Build configuration list for PBXNativeTarget "spotlightUITests" */ = {
			isa = XCConfigurationList;
			buildConfigurations = (
				2BDA45672DE7F7EA0014D43F /* Debug configuration for PBXNativeTarget "spotlightUITests" */,
				2BDA45682DE7F7EA0014D43F /* Release configuration for PBXNativeTarget "spotlightUITests" */,
			);
			defaultConfigurationName = Release;
		};
/* End XCConfigurationList section */
	};
	rootObject = 2BDA45372DE7F7E80014D43F /* Project object */;
}
